// !$*UTF8*$!
{
	archiveVersion = 1;
	classes = {
	};
	objectVersion = 50;
	objects = {

/* Begin PBXBuildFile section */
		63305DB023A1AB050073C3C1 /* AppDelegate.swift in Sources */ = {isa = PBXBuildFile; fileRef = 63305DAF23A1AB050073C3C1 /* AppDelegate.swift */; };
		63305DB223A1AB050073C3C1 /* SceneDelegate.swift in Sources */ = {isa = PBXBuildFile; fileRef = 63305DB123A1AB050073C3C1 /* SceneDelegate.swift */; };
		63305DB723A1AB050073C3C1 /* Main.storyboard in Resources */ = {isa = PBXBuildFile; fileRef = 63305DB523A1AB050073C3C1 /* Main.storyboard */; };
		63305DB923A1AB070073C3C1 /* Assets.xcassets in Resources */ = {isa = PBXBuildFile; fileRef = 63305DB823A1AB070073C3C1 /* Assets.xcassets */; };
		63305DBC23A1AB070073C3C1 /* LaunchScreen.storyboard in Resources */ = {isa = PBXBuildFile; fileRef = 63305DBA23A1AB070073C3C1 /* LaunchScreen.storyboard */; };
		63305DC623A20E540073C3C1 /* ViewController.swift in Sources */ = {isa = PBXBuildFile; fileRef = 63305DC523A20E540073C3C1 /* ViewController.swift */; };
		63305DC823A211070073C3C1 /* Controller.swift in Sources */ = {isa = PBXBuildFile; fileRef = 63305DC723A211070073C3C1 /* Controller.swift */; };
/* End PBXBuildFile section */

/* Begin PBXFileReference section */
		63305DAC23A1AB050073C3C1 /* AskJesus.app */ = {isa = PBXFileReference; explicitFileType = wrapper.application; includeInIndex = 0; path = AskJesus.app; sourceTree = BUILT_PRODUCTS_DIR; };
		63305DAF23A1AB050073C3C1 /* AppDelegate.swift */ = {isa = PBXFileReference; lastKnownFileType = sourcecode.swift; path = AppDelegate.swift; sourceTree = "<group>"; };
		63305DB123A1AB050073C3C1 /* SceneDelegate.swift */ = {isa = PBXFileReference; lastKnownFileType = sourcecode.swift; path = SceneDelegate.swift; sourceTree = "<group>"; };
		63305DB623A1AB050073C3C1 /* Base */ = {isa = PBXFileReference; lastKnownFileType = file.storyboard; name = Base; path = Base.lproj/Main.storyboard; sourceTree = "<group>"; };
		63305DB823A1AB070073C3C1 /* Assets.xcassets */ = {isa = PBXFileReference; lastKnownFileType = folder.assetcatalog; path = Assets.xcassets; sourceTree = "<group>"; };
		63305DBB23A1AB070073C3C1 /* Base */ = {isa = PBXFileReference; lastKnownFileType = file.storyboard; name = Base; path = Base.lproj/LaunchScreen.storyboard; sourceTree = "<group>"; };
		63305DBD23A1AB070073C3C1 /* Info.plist */ = {isa = PBXFileReference; lastKnownFileType = text.plist.xml; path = Info.plist; sourceTree = "<group>"; };
		63305DC523A20E540073C3C1 /* ViewController.swift */ = {isa = PBXFileReference; lastKnownFileType = sourcecode.swift; path = ViewController.swift; sourceTree = "<group>"; };
		63305DC723A211070073C3C1 /* Controller.swift */ = {isa = PBXFileReference; lastKnownFileType = sourcecode.swift; path = Controller.swift; sourceTree = "<group>"; };
/* End PBXFileReference section */

/* Begin PBXFrameworksBuildPhase section */
		63305DA923A1AB050073C3C1 /* Frameworks */ = {
			isa = PBXFrameworksBuildPhase;
			buildActionMask = 2147483647;
			files = (
			);
			runOnlyForDeploymentPostprocessing = 0;
		};
/* End PBXFrameworksBuildPhase section */

/* Begin PBXGroup section */
		63305DA323A1AB040073C3C1 = {
			isa = PBXGroup;
			children = (
				63305DAE23A1AB050073C3C1 /* AskJesus */,
				63305DAD23A1AB050073C3C1 /* Products */,
			);
			sourceTree = "<group>";
		};
		63305DAD23A1AB050073C3C1 /* Products */ = {
			isa = PBXGroup;
			children = (
				63305DAC23A1AB050073C3C1 /* AskJesus.app */,
			);
			name = Products;
			sourceTree = "<group>";
		};
		63305DAE23A1AB050073C3C1 /* AskJesus */ = {
			isa = PBXGroup;
			children = (
				63305DAF23A1AB050073C3C1 /* AppDelegate.swift */,
				63305DB123A1AB050073C3C1 /* SceneDelegate.swift */,
				63305DB523A1AB050073C3C1 /* Main.storyboard */,
				63305DB823A1AB070073C3C1 /* Assets.xcassets */,
				63305DBA23A1AB070073C3C1 /* LaunchScreen.storyboard */,
				63305DBD23A1AB070073C3C1 /* Info.plist */,
				63305DC523A20E540073C3C1 /* ViewController.swift */,
				63305DC723A211070073C3C1 /* Controller.swift */,
			);
			path = AskJesus;
			sourceTree = "<group>";
		};
/* End PBXGroup section */

/* Begin PBXNativeTarget section */
		63305DAB23A1AB050073C3C1 /* AskJesus */ = {
			isa = PBXNativeTarget;
			buildConfigurationList = 63305DC023A1AB070073C3C1 /* Build configuration list for PBXNativeTarget "AskJesus" */;
			buildPhases = (
				63305DA823A1AB050073C3C1 /* Sources */,
				63305DA923A1AB050073C3C1 /* Frameworks */,
				63305DAA23A1AB050073C3C1 /* Resources */,
			);
			buildRules = (
			);
			dependencies = (
			);
			name = AskJesus;
			productName = AskJesus;
			productReference = 63305DAC23A1AB050073C3C1 /* AskJesus.app */;
			productType = "com.apple.product-type.application";
		};
/* End PBXNativeTarget section */

/* Begin PBXProject section */
		63305DA423A1AB040073C3C1 /* Project object */ = {
			isa = PBXProject;
			attributes = {
				LastSwiftUpdateCheck = 1100;
				LastUpgradeCheck = 1100;
				ORGANIZATIONNAME = "Blake kvarfordt";
				TargetAttributes = {
					63305DAB23A1AB050073C3C1 = {
						CreatedOnToolsVersion = 11.0;
					};
				};
			};
			buildConfigurationList = 63305DA723A1AB040073C3C1 /* Build configuration list for PBXProject "AskJesus" */;
			compatibilityVersion = "Xcode 9.3";
			developmentRegion = en;
			hasScannedForEncodings = 0;
			knownRegions = (
				en,
				Base,
			);
			mainGroup = 63305DA323A1AB040073C3C1;
			productRefGroup = 63305DAD23A1AB050073C3C1 /* Products */;
			projectDirPath = "";
			projectRoot = "";
			targets = (
				63305DAB23A1AB050073C3C1 /* AskJesus */,
			);
		};
/* End PBXProject section */

/* Begin PBXResourcesBuildPhase section */
		63305DAA23A1AB050073C3C1 /* Resources */ = {
			isa = PBXResourcesBuildPhase;
			buildActionMask = 2147483647;
			files = (
				63305DBC23A1AB070073C3C1 /* LaunchScreen.storyboard in Resources */,
				63305DB923A1AB070073C3C1 /* Assets.xcassets in Resources */,
				63305DB723A1AB050073C3C1 /* Main.storyboard in Resources */,
			);
			runOnlyForDeploymentPostprocessing = 0;
		};
/* End PBXResourcesBuildPhase section */

/* Begin PBXSourcesBuildPhase section */
		63305DA823A1AB050073C3C1 /* Sources */ = {
			isa = PBXSourcesBuildPhase;
			buildActionMask = 2147483647;
			files = (
				63305DC623A20E540073C3C1 /* ViewController.swift in Sources */,
				63305DB023A1AB050073C3C1 /* AppDelegate.swift in Sources */,
				63305DB223A1AB050073C3C1 /* SceneDelegate.swift in Sources */,
				63305DC823A211070073C3C1 /* Controller.swift in Sources */,
			);
			runOnlyForDeploymentPostprocessing = 0;
		};
/* End PBXSourcesBuildPhase section */

/* Begin PBXVariantGroup section */
		63305DB523A1AB050073C3C1 /* Main.storyboard */ = {
			isa = PBXVariantGroup;
			children = (
				63305DB623A1AB050073C3C1 /* Base */,
			);
			name = Main.storyboard;
			sourceTree = "<group>";
		};
		63305DBA23A1AB070073C3C1 /* LaunchScreen.storyboard */ = {
			isa = PBXVariantGroup;
			children = (
				63305DBB23A1AB070073C3C1 /* Base */,
			);
			name = LaunchScreen.storyboard;
			sourceTree = "<group>";
		};
/* End PBXVariantGroup section */

/* Begin XCBuildConfiguration section */
		63305DBE23A1AB070073C3C1 /* Debug */ = {
			isa = XCBuildConfiguration;
			buildSettings = {
				ALWAYS_SEARCH_USER_PATHS = NO;
				CLANG_ANALYZER_NONNULL = YES;
				CLANG_ANALYZER_NUMBER_OBJECT_CONVERSION = YES_AGGRESSIVE;
				CLANG_CXX_LANGUAGE_STANDARD = "gnu++14";
				CLANG_CXX_LIBRARY = "libc++";
				CLANG_ENABLE_MODULES = YES;
				CLANG_ENABLE_OBJC_ARC = YES;
				CLANG_ENABLE_OBJC_WEAK = YES;
				CLANG_WARN_BLOCK_CAPTURE_AUTORELEASING = YES;
				CLANG_WARN_BOOL_CONVERSION = YES;
				CLANG_WARN_COMMA = YES;
				CLANG_WARN_CONSTANT_CONVERSION = YES;
				CLANG_WARN_DEPRECATED_OBJC_IMPLEMENTATIONS = YES;
				CLANG_WARN_DIRECT_OBJC_ISA_USAGE = YES_ERROR;
				CLANG_WARN_DOCUMENTATION_COMMENTS = YES;
				CLANG_WARN_EMPTY_BODY = YES;
				CLANG_WARN_ENUM_CONVERSION = YES;
				CLANG_WARN_INFINITE_RECURSION = YES;
				CLANG_WARN_INT_CONVERSION = YES;
				CLANG_WARN_NON_LITERAL_NULL_CONVERSION = YES;
				CLANG_WARN_OBJC_IMPLICIT_RETAIN_SELF = YES;
				CLANG_WARN_OBJC_LITERAL_CONVERSION = YES;
				CLANG_WARN_OBJC_ROOT_CLASS = YES_ERROR;
				CLANG_WARN_RANGE_LOOP_ANALYSIS = YES;
				CLANG_WARN_STRICT_PROTOTYPES = YES;
				CLANG_WARN_SUSPICIOUS_MOVE = YES;
				CLANG_WARN_UNGUARDED_AVAILABILITY = YES_AGGRESSIVE;
				CLANG_WARN_UNREACHABLE_CODE = YES;
				CLANG_WARN__DUPLICATE_METHOD_MATCH = YES;
				COPY_PHASE_STRIP = NO;
				DEBUG_INFORMATION_FORMAT = dwarf;
				ENABLE_STRICT_OBJC_MSGSEND = YES;
				ENABLE_TESTABILITY = YES;
				GCC_C_LANGUAGE_STANDARD = gnu11;
				GCC_DYNAMIC_NO_PIC = NO;
				GCC_NO_COMMON_BLOCKS = YES;
				GCC_OPTIMIZATION_LEVEL = 0;
				GCC_PREPROCESSOR_DEFINITIONS = (
					"DEBUG=1",
					"$(inherited)",
				);
				GCC_WARN_64_TO_32_BIT_CONVERSION = YES;
				GCC_WARN_ABOUT_RETURN_TYPE = YES_ERROR;
				GCC_WARN_UNDECLARED_SELECTOR = YES;
				GCC_WARN_UNINITIALIZED_AUTOS = YES_AGGRESSIVE;
				GCC_WARN_UNUSED_FUNCTION = YES;
				GCC_WARN_UNUSED_VARIABLE = YES;
				IPHONEOS_DEPLOYMENT_TARGET = 13.0;
				MTL_ENABLE_DEBUG_INFO = INCLUDE_SOURCE;
				MTL_FAST_MATH = YES;
				ONLY_ACTIVE_ARCH = YES;
				SDKROOT = iphoneos;
				SWIFT_ACTIVE_COMPILATION_CONDITIONS = DEBUG;
				SWIFT_OPTIMIZATION_LEVEL = "-Onone";
			};
			name = Debug;
		};
		63305DBF23A1AB070073C3C1 /* Release */ = {
			isa = XCBuildConfiguration;
			buildSettings = {
				ALWAYS_SEARCH_USER_PATHS = NO;
				CLANG_ANALYZER_NONNULL = YES;
				CLANG_ANALYZER_NUMBER_OBJECT_CONVERSION = YES_AGGRESSIVE;
				CLANG_CXX_LANGUAGE_STANDARD = "gnu++14";
				CLANG_CXX_LIBRARY = "libc++";
				CLANG_ENABLE_MODULES = YES;
				CLANG_ENABLE_OBJC_ARC = YES;
				CLANG_ENABLE_OBJC_WEAK = YES;
				CLANG_WARN_BLOCK_CAPTURE_AUTORELEASING = YES;
				CLANG_WARN_BOOL_CONVERSION = YES;
				CLANG_WARN_COMMA = YES;
				CLANG_WARN_CONSTANT_CONVERSION = YES;
				CLANG_WARN_DEPRECATED_OBJC_IMPLEMENTATIONS = YES;
				CLANG_WARN_DIRECT_OBJC_ISA_USAGE = YES_ERROR;
				CLANG_WARN_DOCUMENTATION_COMMENTS = YES;
				CLANG_WARN_EMPTY_BODY = YES;
				CLANG_WARN_ENUM_CONVERSION = YES;
				CLANG_WARN_INFINITE_RECURSION = YES;
				CLANG_WARN_INT_CONVERSION = YES;
				CLANG_WARN_NON_LITERAL_NULL_CONVERSION = YES;
				CLANG_WARN_OBJC_IMPLICIT_RETAIN_SELF = YES;
				CLANG_WARN_OBJC_LITERAL_CONVERSION = YES;
				CLANG_WARN_OBJC_ROOT_CLASS = YES_ERROR;
				CLANG_WARN_RANGE_LOOP_ANALYSIS = YES;
				CLANG_WARN_STRICT_PROTOTYPES = YES;
				CLANG_WARN_SUSPICIOUS_MOVE = YES;
				CLANG_WARN_UNGUARDED_AVAILABILITY = YES_AGGRESSIVE;
				CLANG_WARN_UNREACHABLE_CODE = YES;
				CLANG_WARN__DUPLICATE_METHOD_MATCH = YES;
				COPY_PHASE_STRIP = NO;
				DEBUG_INFORMATION_FORMAT = "dwarf-with-dsym";
				ENABLE_NS_ASSERTIONS = NO;
				ENABLE_STRICT_OBJC_MSGSEND = YES;
				GCC_C_LANGUAGE_STANDARD = gnu11;
				GCC_NO_COMMON_BLOCKS = YES;
				GCC_WARN_64_TO_32_BIT_CONVERSION = YES;
				GCC_WARN_ABOUT_RETURN_TYPE = YES_ERROR;
				GCC_WARN_UNDECLARED_SELECTOR = YES;
				GCC_WARN_UNINITIALIZED_AUTOS = YES_AGGRESSIVE;
				GCC_WARN_UNUSED_FUNCTION = YES;
				GCC_WARN_UNUSED_VARIABLE = YES;
				IPHONEOS_DEPLOYMENT_TARGET = 13.0;
				MTL_ENABLE_DEBUG_INFO = NO;
				MTL_FAST_MATH = YES;
				SDKROOT = iphoneos;
				SWIFT_COMPILATION_MODE = wholemodule;
				SWIFT_OPTIMIZATION_LEVEL = "-O";
				VALIDATE_PRODUCT = YES;
			};
			name = Release;
		};
		63305DC123A1AB070073C3C1 /* Debug */ = {
			isa = XCBuildConfiguration;
			buildSettings = {
				ASSETCATALOG_COMPILER_APPICON_NAME = AppIcon;
				CODE_SIGN_STYLE = Automatic;
				DEVELOPMENT_TEAM = 83YG3ZQCH4;
				INFOPLIST_FILE = AskJesus/Info.plist;
				LD_RUNPATH_SEARCH_PATHS = (
					"$(inherited)",
					"@executable_path/Frameworks",
				);
				PRODUCT_BUNDLE_IDENTIFIER = com.blakekvarfordt.AskJesus;
				PRODUCT_NAME = "$(TARGET_NAME)";
				SWIFT_VERSION = 5.0;
				TARGETED_DEVICE_FAMILY = "1,2";
			};
			name = Debug;
		};
		63305DC223A1AB070073C3C1 /* Release */ = {
			isa = XCBuildConfiguration;
			buildSettings = {
				ASSETCATALOG_COMPILER_APPICON_NAME = AppIcon;
				CODE_SIGN_STYLE = Automatic;
				DEVELOPMENT_TEAM = 83YG3ZQCH4;
				INFOPLIST_FILE = AskJesus/Info.plist;
				LD_RUNPATH_SEARCH_PATHS = (
					"$(inherited)",
					"@executable_path/Frameworks",
				);
				PRODUCT_BUNDLE_IDENTIFIER = com.blakekvarfordt.AskJesus;
				PRODUCT_NAME = "$(TARGET_NAME)";
				SWIFT_VERSION = 5.0;
				TARGETED_DEVICE_FAMILY = "1,2";
			};
			name = Release;
		};
/* End XCBuildConfiguration section */

/* Begin XCConfigurationList section */
		63305DA723A1AB040073C3C1 /* Build configuration list for PBXProject "AskJesus" */ = {
			isa = XCConfigurationList;
			buildConfigurations = (
				63305DBE23A1AB070073C3C1 /* Debug */,
				63305DBF23A1AB070073C3C1 /* Release */,
			);
			defaultConfigurationIsVisible = 0;
			defaultConfigurationName = Release;
		};
		63305DC023A1AB070073C3C1 /* Build configuration list for PBXNativeTarget "AskJesus" */ = {
			isa = XCConfigurationList;
			buildConfigurations = (
				63305DC123A1AB070073C3C1 /* Debug */,
				63305DC223A1AB070073C3C1 /* Release */,
			);
			defaultConfigurationIsVisible = 0;
			defaultConfigurationName = Release;
		};
/* End XCConfigurationList section */
	};
	rootObject = 63305DA423A1AB040073C3C1 /* Project object */;
}
